
Microsoft Visual Studio Solution File, Format Version 12.00
# Visual Studio 14
VisualStudioVersion = 14.0.25420.1
MinimumVisualStudioVersion = 10.0.40219.1
Project("{FAE04EC0-301F-11D3-BF4B-00C04F79EFBC}") = "HMS.Entities", "HMS.Entities\HMS.Entities.csproj", "{67F08199-458A-4424-B4EA-D4840CD4E7BE}"
EndProject
Project("{FAE04EC0-301F-11D3-BF4B-00C04F79EFBC}") = "HMS.Data", "HMS.Data\HMS.Data.csproj", "{62020F6C-1903-491B-8C8B-5F1CAA0A1723}"
EndProject
Project("{FAE04EC0-301F-11D3-BF4B-00C04F79EFBC}") = "HMS1", "HMS1\HMS1.csproj", "{244B9615-C888-4073-9D46-05CD1517FBCF}"
EndProject
Project("{FAE04EC0-301F-11D3-BF4B-00C04F79EFBC}") = "HMS.Services", "HMS.Services\HMS.Services.csproj", "{9591D6EA-DFEF-41CA-AEC9-AC0711D55281}"
EndProject
Global
	GlobalSection(SolutionConfigurationPlatforms) = preSolution
		Debug|Any CPU = Debug|Any CPU
		Release|Any CPU = Release|Any CPU
	EndGlobalSection
	GlobalSection(ProjectConfigurationPlatforms) = postSolution
		{67F08199-458A-4424-B4EA-D4840CD4E7BE}.Debug|Any CPU.ActiveCfg = Debug|Any CPU
		{67F08199-458A-4424-B4EA-D4840CD4E7BE}.Debug|Any CPU.Build.0 = Debug|Any CPU
		{67F08199-458A-4424-B4EA-D4840CD4E7BE}.Release|Any CPU.ActiveCfg = Release|Any CPU
		{67F08199-458A-4424-B4EA-D4840CD4E7BE}.Release|Any CPU.Build.0 = Release|Any CPU
		{62020F6C-1903-491B-8C8B-5F1CAA0A1723}.Debug|Any CPU.ActiveCfg = Debug|Any CPU
		{62020F6C-1903-491B-8C8B-5F1CAA0A1723}.Debug|Any CPU.Build.0 = Debug|Any CPU
		{62020F6C-1903-491B-8C8B-5F1CAA0A1723}.Release|Any CPU.ActiveCfg = Release|Any CPU
		{62020F6C-1903-491B-8C8B-5F1CAA0A1723}.Release|Any CPU.Build.0 = Release|Any CPU
		{244B9615-C888-4073-9D46-05CD1517FBCF}.Debug|Any CPU.ActiveCfg = Debug|Any CPU
		{244B9615-C888-4073-9D46-05CD1517FBCF}.Debug|Any CPU.Build.0 = Debug|Any CPU
		{244B9615-C888-4073-9D46-05CD1517FBCF}.Release|Any CPU.ActiveCfg = Release|Any CPU
		{244B9615-C888-4073-9D46-05CD1517FBCF}.Release|Any CPU.Build.0 = Release|Any CPU
		{9591D6EA-DFEF-41CA-AEC9-AC0711D55281}.Debug|Any CPU.ActiveCfg = Debug|Any CPU
		{9591D6EA-DFEF-41CA-AEC9-AC0711D55281}.Debug|Any CPU.Build.0 = Debug|Any CPU
		{9591D6EA-DFEF-41CA-AEC9-AC0711D55281}.Release|Any CPU.ActiveCfg = Release|Any CPU
		{9591D6EA-DFEF-41CA-AEC9-AC0711D55281}.Release|Any CPU.Build.0 = Release|Any CPU
	EndGlobalSection
	GlobalSection(SolutionProperties) = preSolution
		HideSolutionNode = FALSE
	EndGlobalSection
EndGlobal
